// !$*UTF8*$!
{
	archiveVersion = 1;
	classes = {
	};
	objectVersion = 48;
	objects = {

/* Begin PBXBuildFile section */
		FB8A21DF1F956A6E0024D2CC /* AppDelegate.swift in Sources */ = {isa = PBXBuildFile; fileRef = FB8A21DE1F956A6E0024D2CC /* AppDelegate.swift */; };
		FB8A21E11F956A6E0024D2CC /* ViewController.swift in Sources */ = {isa = PBXBuildFile; fileRef = FB8A21E01F956A6E0024D2CC /* ViewController.swift */; };
		FB8A21E41F956A6E0024D2CC /* Main.storyboard in Resources */ = {isa = PBXBuildFile; fileRef = FB8A21E21F956A6E0024D2CC /* Main.storyboard */; };
		FB8A21E61F956A6E0024D2CC /* Assets.xcassets in Resources */ = {isa = PBXBuildFile; fileRef = FB8A21E51F956A6E0024D2CC /* Assets.xcassets */; };
		FB8A21E91F956A6E0024D2CC /* LaunchScreen.storyboard in Resources */ = {isa = PBXBuildFile; fileRef = FB8A21E71F956A6E0024D2CC /* LaunchScreen.storyboard */; };
		FB8A21F11F956BBD0024D2CC /* XView.swift in Sources */ = {isa = PBXBuildFile; fileRef = FB8A21F01F956BBD0024D2CC /* XView.swift */; };
/* End PBXBuildFile section */

/* Begin PBXFileReference section */
		FB8A21DB1F956A6E0024D2CC /* Lecture06.app */ = {isa = PBXFileReference; explicitFileType = wrapper.application; includeInIndex = 0; path = Lecture06.app; sourceTree = BUILT_PRODUCTS_DIR; };
		FB8A21DE1F956A6E0024D2CC /* AppDelegate.swift */ = {isa = PBXFileReference; lastKnownFileType = sourcecode.swift; path = AppDelegate.swift; sourceTree = "<group>"; };
		FB8A21E01F956A6E0024D2CC /* ViewController.swift */ = {isa = PBXFileReference; lastKnownFileType = sourcecode.swift; path = ViewController.swift; sourceTree = "<group>"; };
		FB8A21E31F956A6E0024D2CC /* Base */ = {isa = PBXFileReference; lastKnownFileType = file.storyboard; name = Base; path = Base.lproj/Main.storyboard; sourceTree = "<group>"; };
		FB8A21E51F956A6E0024D2CC /* Assets.xcassets */ = {isa = PBXFileReference; lastKnownFileType = folder.assetcatalog; path = Assets.xcassets; sourceTree = "<group>"; };
		FB8A21E81F956A6E0024D2CC /* Base */ = {isa = PBXFileReference; lastKnownFileType = file.storyboard; name = Base; path = Base.lproj/LaunchScreen.storyboard; sourceTree = "<group>"; };
		FB8A21EA1F956A6E0024D2CC /* Info.plist */ = {isa = PBXFileReference; lastKnownFileType = text.plist.xml; path = Info.plist; sourceTree = "<group>"; };
		FB8A21F01F956BBD0024D2CC /* XView.swift */ = {isa = PBXFileReference; lastKnownFileType = sourcecode.swift; path = XView.swift; sourceTree = "<group>"; };
/* End PBXFileReference section */

/* Begin PBXFrameworksBuildPhase section */
		FB8A21D81F956A6E0024D2CC /* Frameworks */ = {
			isa = PBXFrameworksBuildPhase;
			buildActionMask = 2147483647;
			files = (
			);
			runOnlyForDeploymentPostprocessing = 0;
		};
/* End PBXFrameworksBuildPhase section */

/* Begin PBXGroup section */
		FB8A21D21F956A6E0024D2CC = {
			isa = PBXGroup;
			children = (
				FB8A21DD1F956A6E0024D2CC /* Lecture06 */,
				FB8A21DC1F956A6E0024D2CC /* Products */,
			);
			sourceTree = "<group>";
		};
		FB8A21DC1F956A6E0024D2CC /* Products */ = {
			isa = PBXGroup;
			children = (
				FB8A21DB1F956A6E0024D2CC /* Lecture06.app */,
			);
			name = Products;
			sourceTree = "<group>";
		};
		FB8A21DD1F956A6E0024D2CC /* Lecture06 */ = {
			isa = PBXGroup;
			children = (
				FB8A21DE1F956A6E0024D2CC /* AppDelegate.swift */,
				FB8A21E01F956A6E0024D2CC /* ViewController.swift */,
				FB8A21E21F956A6E0024D2CC /* Main.storyboard */,
				FB8A21E51F956A6E0024D2CC /* Assets.xcassets */,
				FB8A21E71F956A6E0024D2CC /* LaunchScreen.storyboard */,
				FB8A21EA1F956A6E0024D2CC /* Info.plist */,
				FB8A21F01F956BBD0024D2CC /* XView.swift */,
			);
			path = Lecture06;
			sourceTree = "<group>";
		};
/* End PBXGroup section */

/* Begin PBXNativeTarget section */
		FB8A21DA1F956A6E0024D2CC /* Lecture06 */ = {
			isa = PBXNativeTarget;
			buildConfigurationList = FB8A21ED1F956A6E0024D2CC /* Build configuration list for PBXNativeTarget "Lecture06" */;
			buildPhases = (
				FB8A21D71F956A6E0024D2CC /* Sources */,
				FB8A21D81F956A6E0024D2CC /* Frameworks */,
				FB8A21D91F956A6E0024D2CC /* Resources */,
			);
			buildRules = (
			);
			dependencies = (
			);
			name = Lecture06;
			productName = Lecture06;
			productReference = FB8A21DB1F956A6E0024D2CC /* Lecture06.app */;
			productType = "com.apple.product-type.application";
		};
/* End PBXNativeTarget section */

/* Begin PBXProject section */
		FB8A21D31F956A6E0024D2CC /* Project object */ = {
			isa = PBXProject;
			attributes = {
				LastSwiftUpdateCheck = 0900;
				LastUpgradeCheck = 0900;
				ORGANIZATIONNAME = "Harvard University";
				TargetAttributes = {
					FB8A21DA1F956A6E0024D2CC = {
						CreatedOnToolsVersion = 9.0;
						ProvisioningStyle = Automatic;
					};
				};
			};
			buildConfigurationList = FB8A21D61F956A6E0024D2CC /* Build configuration list for PBXProject "Lecture06" */;
			compatibilityVersion = "Xcode 8.0";
			developmentRegion = en;
			hasScannedForEncodings = 0;
			knownRegions = (
				en,
				Base,
			);
			mainGroup = FB8A21D21F956A6E0024D2CC;
			productRefGroup = FB8A21DC1F956A6E0024D2CC /* Products */;
			projectDirPath = "";
			projectRoot = "";
			targets = (
				FB8A21DA1F956A6E0024D2CC /* Lecture06 */,
			);
		};
/* End PBXProject section */

/* Begin PBXResourcesBuildPhase section */
		FB8A21D91F956A6E0024D2CC /* Resources */ = {
			isa = PBXResourcesBuildPhase;
			buildActionMask = 2147483647;
			files = (
				FB8A21E91F956A6E0024D2CC /* LaunchScreen.storyboard in Resources */,
				FB8A21E61F956A6E0024D2CC /* Assets.xcassets in Resources */,
				FB8A21E41F956A6E0024D2CC /* Main.storyboard in Resources */,
			);
			runOnlyForDeploymentPostprocessing = 0;
		};
/* End PBXResourcesBuildPhase section */

/* Begin PBXSourcesBuildPhase section */
		FB8A21D71F956A6E0024D2CC /* Sources */ = {
			isa = PBXSourcesBuildPhase;
			buildActionMask = 2147483647;
			files = (
				FB8A21F11F956BBD0024D2CC /* XView.swift in Sources */,
				FB8A21E11F956A6E0024D2CC /* ViewController.swift in Sources */,
				FB8A21DF1F956A6E0024D2CC /* AppDelegate.swift in Sources */,
			);
			runOnlyForDeploymentPostprocessing = 0;
		};
/* End PBXSourcesBuildPhase section */

/* Begin PBXVariantGroup section */
		FB8A21E21F956A6E0024D2CC /* Main.storyboard */ = {
			isa = PBXVariantGroup;
			children = (
				FB8A21E31F956A6E0024D2CC /* Base */,
			);
			name = Main.storyboard;
			sourceTree = "<group>";
		};
		FB8A21E71F956A6E0024D2CC /* LaunchScreen.storyboard */ = {
			isa = PBXVariantGroup;
			children = (
				FB8A21E81F956A6E0024D2CC /* Base */,
			);
			name = LaunchScreen.storyboard;
			sourceTree = "<group>";
		};
/* End PBXVariantGroup section */

/* Begin XCBuildConfiguration section */
		FB8A21EB1F956A6E0024D2CC /* Debug */ = {
			isa = XCBuildConfiguration;
			buildSettings = {
				ALWAYS_SEARCH_USER_PATHS = NO;
				CLANG_ANALYZER_NONNULL = YES;
				CLANG_ANALYZER_NUMBER_OBJECT_CONVERSION = YES_AGGRESSIVE;
				CLANG_CXX_LANGUAGE_STANDARD = "gnu++14";
				CLANG_CXX_LIBRARY = "libc++";
				CLANG_ENABLE_MODULES = YES;
				CLANG_ENABLE_OBJC_ARC = YES;
				CLANG_WARN_BLOCK_CAPTURE_AUTORELEASING = YES;
				CLANG_WARN_BOOL_CONVERSION = YES;
				CLANG_WARN_COMMA = YES;
				CLANG_WARN_CONSTANT_CONVERSION = YES;
				CLANG_WARN_DIRECT_OBJC_ISA_USAGE = YES_ERROR;
				CLANG_WARN_DOCUMENTATION_COMMENTS = YES;
				CLANG_WARN_EMPTY_BODY = YES;
				CLANG_WARN_ENUM_CONVERSION = YES;
				CLANG_WARN_INFINITE_RECURSION = YES;
				CLANG_WARN_INT_CONVERSION = YES;
				CLANG_WARN_NON_LITERAL_NULL_CONVERSION = YES;
				CLANG_WARN_OBJC_LITERAL_CONVERSION = YES;
				CLANG_WARN_OBJC_ROOT_CLASS = YES_ERROR;
				CLANG_WARN_RANGE_LOOP_ANALYSIS = YES;
				CLANG_WARN_STRICT_PROTOTYPES = YES;
				CLANG_WARN_SUSPICIOUS_MOVE = YES;
				CLANG_WARN_UNGUARDED_AVAILABILITY = YES_AGGRESSIVE;
				CLANG_WARN_UNREACHABLE_CODE = YES;
				CLANG_WARN__DUPLICATE_METHOD_MATCH = YES;
				CODE_SIGN_IDENTITY = "iPhone Developer";
				COPY_PHASE_STRIP = NO;
				DEBUG_INFORMATION_FORMAT = dwarf;
				ENABLE_STRICT_OBJC_MSGSEND = YES;
				ENABLE_TESTABILITY = YES;
				GCC_C_LANGUAGE_STANDARD = gnu11;
				GCC_DYNAMIC_NO_PIC = NO;
				GCC_NO_COMMON_BLOCKS = YES;
				GCC_OPTIMIZATION_LEVEL = 0;
				GCC_PREPROCESSOR_DEFINITIONS = (
					"DEBUG=1",
					"$(inherited)",
				);
				GCC_WARN_64_TO_32_BIT_CONVERSION = YES;
				GCC_WARN_ABOUT_RETURN_TYPE = YES_ERROR;
				GCC_WARN_UNDECLARED_SELECTOR = YES;
				GCC_WARN_UNINITIALIZED_AUTOS = YES_AGGRESSIVE;
				GCC_WARN_UNUSED_FUNCTION = YES;
				GCC_WARN_UNUSED_VARIABLE = YES;
				IPHONEOS_DEPLOYMENT_TARGET = 11.0;
				MTL_ENABLE_DEBUG_INFO = YES;
				ONLY_ACTIVE_ARCH = YES;
				SDKROOT = iphoneos;
				SWIFT_ACTIVE_COMPILATION_CONDITIONS = DEBUG;
				SWIFT_OPTIMIZATION_LEVEL = "-Onone";
			};
			name = Debug;
		};
		FB8A21EC1F956A6E0024D2CC /* Release */ = {
			isa = XCBuildConfiguration;
			buildSettings = {
				ALWAYS_SEARCH_USER_PATHS = NO;
				CLANG_ANALYZER_NONNULL = YES;
				CLANG_ANALYZER_NUMBER_OBJECT_CONVERSION = YES_AGGRESSIVE;
				CLANG_CXX_LANGUAGE_STANDARD = "gnu++14";
				CLANG_CXX_LIBRARY = "libc++";
				CLANG_ENABLE_MODULES = YES;
				CLANG_ENABLE_OBJC_ARC = YES;
				CLANG_WARN_BLOCK_CAPTURE_AUTORELEASING = YES;
				CLANG_WARN_BOOL_CONVERSION = YES;
				CLANG_WARN_COMMA = YES;
				CLANG_WARN_CONSTANT_CONVERSION = YES;
				CLANG_WARN_DIRECT_OBJC_ISA_USAGE = YES_ERROR;
				CLANG_WARN_DOCUMENTATION_COMMENTS = YES;
				CLANG_WARN_EMPTY_BODY = YES;
				CLANG_WARN_ENUM_CONVERSION = YES;
				CLANG_WARN_INFINITE_RECURSION = YES;
				CLANG_WARN_INT_CONVERSION = YES;
				CLANG_WARN_NON_LITERAL_NULL_CONVERSION = YES;
				CLANG_WARN_OBJC_LITERAL_CONVERSION = YES;
				CLANG_WARN_OBJC_ROOT_CLASS = YES_ERROR;
				CLANG_WARN_RANGE_LOOP_ANALYSIS = YES;
				CLANG_WARN_STRICT_PROTOTYPES = YES;
				CLANG_WARN_SUSPICIOUS_MOVE = YES;
				CLANG_WARN_UNGUARDED_AVAILABILITY = YES_AGGRESSIVE;
				CLANG_WARN_UNREACHABLE_CODE = YES;
				CLANG_WARN__DUPLICATE_METHOD_MATCH = YES;
				CODE_SIGN_IDENTITY = "iPhone Developer";
				COPY_PHASE_STRIP = NO;
				DEBUG_INFORMATION_FORMAT = "dwarf-with-dsym";
				ENABLE_NS_ASSERTIONS = NO;
				ENABLE_STRICT_OBJC_MSGSEND = YES;
				GCC_C_LANGUAGE_STANDARD = gnu11;
				GCC_NO_COMMON_BLOCKS = YES;
				GCC_WARN_64_TO_32_BIT_CONVERSION = YES;
				GCC_WARN_ABOUT_RETURN_TYPE = YES_ERROR;
				GCC_WARN_UNDECLARED_SELECTOR = YES;
				GCC_WARN_UNINITIALIZED_AUTOS = YES_AGGRESSIVE;
				GCC_WARN_UNUSED_FUNCTION = YES;
				GCC_WARN_UNUSED_VARIABLE = YES;
				IPHONEOS_DEPLOYMENT_TARGET = 11.0;
				MTL_ENABLE_DEBUG_INFO = NO;
				SDKROOT = iphoneos;
				SWIFT_OPTIMIZATION_LEVEL = "-Owholemodule";
				VALIDATE_PRODUCT = YES;
			};
			name = Release;
		};
		FB8A21EE1F956A6E0024D2CC /* Debug */ = {
			isa = XCBuildConfiguration;
			buildSettings = {
				ASSETCATALOG_COMPILER_APPICON_NAME = AppIcon;
				CODE_SIGN_STYLE = Automatic;
				DEVELOPMENT_TEAM = NK39MWSLZJ;
				INFOPLIST_FILE = Lecture06/Info.plist;
				LD_RUNPATH_SEARCH_PATHS = "$(inherited) @executable_path/Frameworks";
				PRODUCT_BUNDLE_IDENTIFIER = edu.harvard.Lecture06;
				PRODUCT_NAME = "$(TARGET_NAME)";
				SWIFT_VERSION = 4.0;
				TARGETED_DEVICE_FAMILY = "1,2";
			};
			name = Debug;
		};
		FB8A21EF1F956A6E0024D2CC /* Release */ = {
			isa = XCBuildConfiguration;
			buildSettings = {
				ASSETCATALOG_COMPILER_APPICON_NAME = AppIcon;
				CODE_SIGN_STYLE = Automatic;
				DEVELOPMENT_TEAM = NK39MWSLZJ;
				INFOPLIST_FILE = Lecture06/Info.plist;
				LD_RUNPATH_SEARCH_PATHS = "$(inherited) @executable_path/Frameworks";
				PRODUCT_BUNDLE_IDENTIFIER = edu.harvard.Lecture06;
				PRODUCT_NAME = "$(TARGET_NAME)";
				SWIFT_VERSION = 4.0;
				TARGETED_DEVICE_FAMILY = "1,2";
			};
			name = Release;
		};
/* End XCBuildConfiguration section */

/* Begin XCConfigurationList section */
		FB8A21D61F956A6E0024D2CC /* Build configuration list for PBXProject "Lecture06" */ = {
			isa = XCConfigurationList;
			buildConfigurations = (
				FB8A21EB1F956A6E0024D2CC /* Debug */,
				FB8A21EC1F956A6E0024D2CC /* Release */,
			);
			defaultConfigurationIsVisible = 0;
			defaultConfigurationName = Release;
		};
		FB8A21ED1F956A6E0024D2CC /* Build configuration list for PBXNativeTarget "Lecture06" */ = {
			isa = XCConfigurationList;
			buildConfigurations = (
				FB8A21EE1F956A6E0024D2CC /* Debug */,
				FB8A21EF1F956A6E0024D2CC /* Release */,
			);
			defaultConfigurationIsVisible = 0;
			defaultConfigurationName = Release;
		};
/* End XCConfigurationList section */
	};
	rootObject = FB8A21D31F956A6E0024D2CC /* Project object */;
}
