// !$*UTF8*$!
{
	archiveVersion = 1;
	classes = {
	};
	objectVersion = 48;
	objects = {

/* Begin PBXBuildFile section */
		FBBA637A1FCCD41000F785B3 /* AppDelegate.swift in Sources */ = {isa = PBXBuildFile; fileRef = FBBA63791FCCD41000F785B3 /* AppDelegate.swift */; };
		FBBA637C1FCCD41000F785B3 /* ViewController.swift in Sources */ = {isa = PBXBuildFile; fileRef = FBBA637B1FCCD41000F785B3 /* ViewController.swift */; };
		FBBA637F1FCCD41000F785B3 /* Main.storyboard in Resources */ = {isa = PBXBuildFile; fileRef = FBBA637D1FCCD41000F785B3 /* Main.storyboard */; };
		FBBA63811FCCD41000F785B3 /* Assets.xcassets in Resources */ = {isa = PBXBuildFile; fileRef = FBBA63801FCCD41000F785B3 /* Assets.xcassets */; };
		FBBA63841FCCD41000F785B3 /* LaunchScreen.storyboard in Resources */ = {isa = PBXBuildFile; fileRef = FBBA63821FCCD41000F785B3 /* LaunchScreen.storyboard */; };
		FBBA638C1FCCD71A00F785B3 /* Fetcher.swift in Sources */ = {isa = PBXBuildFile; fileRef = FBBA638B1FCCD71A00F785B3 /* Fetcher.swift */; };
		FBBA638E1FCCE0EF00F785B3 /* GridConfiguration.swift in Sources */ = {isa = PBXBuildFile; fileRef = FBBA638D1FCCE0EF00F785B3 /* GridConfiguration.swift */; };
/* End PBXBuildFile section */

/* Begin PBXFileReference section */
		FBBA63761FCCD41000F785B3 /* Lecture12.app */ = {isa = PBXFileReference; explicitFileType = wrapper.application; includeInIndex = 0; path = Lecture12.app; sourceTree = BUILT_PRODUCTS_DIR; };
		FBBA63791FCCD41000F785B3 /* AppDelegate.swift */ = {isa = PBXFileReference; lastKnownFileType = sourcecode.swift; path = AppDelegate.swift; sourceTree = "<group>"; };
		FBBA637B1FCCD41000F785B3 /* ViewController.swift */ = {isa = PBXFileReference; lastKnownFileType = sourcecode.swift; path = ViewController.swift; sourceTree = "<group>"; };
		FBBA637E1FCCD41000F785B3 /* Base */ = {isa = PBXFileReference; lastKnownFileType = file.storyboard; name = Base; path = Base.lproj/Main.storyboard; sourceTree = "<group>"; };
		FBBA63801FCCD41000F785B3 /* Assets.xcassets */ = {isa = PBXFileReference; lastKnownFileType = folder.assetcatalog; path = Assets.xcassets; sourceTree = "<group>"; };
		FBBA63831FCCD41000F785B3 /* Base */ = {isa = PBXFileReference; lastKnownFileType = file.storyboard; name = Base; path = Base.lproj/LaunchScreen.storyboard; sourceTree = "<group>"; };
		FBBA63851FCCD41000F785B3 /* Info.plist */ = {isa = PBXFileReference; lastKnownFileType = text.plist.xml; path = Info.plist; sourceTree = "<group>"; };
		FBBA638B1FCCD71A00F785B3 /* Fetcher.swift */ = {isa = PBXFileReference; lastKnownFileType = sourcecode.swift; path = Fetcher.swift; sourceTree = "<group>"; };
		FBBA638D1FCCE0EF00F785B3 /* GridConfiguration.swift */ = {isa = PBXFileReference; lastKnownFileType = sourcecode.swift; path = GridConfiguration.swift; sourceTree = "<group>"; };
/* End PBXFileReference section */

/* Begin PBXFrameworksBuildPhase section */
		FBBA63731FCCD41000F785B3 /* Frameworks */ = {
			isa = PBXFrameworksBuildPhase;
			buildActionMask = 2147483647;
			files = (
			);
			runOnlyForDeploymentPostprocessing = 0;
		};
/* End PBXFrameworksBuildPhase section */

/* Begin PBXGroup section */
		FBBA636D1FCCD41000F785B3 = {
			isa = PBXGroup;
			children = (
				FBBA63781FCCD41000F785B3 /* Lecture12 */,
				FBBA63771FCCD41000F785B3 /* Products */,
			);
			sourceTree = "<group>";
		};
		FBBA63771FCCD41000F785B3 /* Products */ = {
			isa = PBXGroup;
			children = (
				FBBA63761FCCD41000F785B3 /* Lecture12.app */,
			);
			name = Products;
			sourceTree = "<group>";
		};
		FBBA63781FCCD41000F785B3 /* Lecture12 */ = {
			isa = PBXGroup;
			children = (
				FBBA63791FCCD41000F785B3 /* AppDelegate.swift */,
				FBBA637B1FCCD41000F785B3 /* ViewController.swift */,
				FBBA638D1FCCE0EF00F785B3 /* GridConfiguration.swift */,
				FBBA638B1FCCD71A00F785B3 /* Fetcher.swift */,
				FBBA637D1FCCD41000F785B3 /* Main.storyboard */,
				FBBA63801FCCD41000F785B3 /* Assets.xcassets */,
				FBBA63821FCCD41000F785B3 /* LaunchScreen.storyboard */,
				FBBA63851FCCD41000F785B3 /* Info.plist */,
			);
			path = Lecture12;
			sourceTree = "<group>";
		};
/* End PBXGroup section */

/* Begin PBXNativeTarget section */
		FBBA63751FCCD41000F785B3 /* Lecture12 */ = {
			isa = PBXNativeTarget;
			buildConfigurationList = FBBA63881FCCD41000F785B3 /* Build configuration list for PBXNativeTarget "Lecture12" */;
			buildPhases = (
				FBBA63721FCCD41000F785B3 /* Sources */,
				FBBA63731FCCD41000F785B3 /* Frameworks */,
				FBBA63741FCCD41000F785B3 /* Resources */,
			);
			buildRules = (
			);
			dependencies = (
			);
			name = Lecture12;
			productName = Lecture12;
			productReference = FBBA63761FCCD41000F785B3 /* Lecture12.app */;
			productType = "com.apple.product-type.application";
		};
/* End PBXNativeTarget section */

/* Begin PBXProject section */
		FBBA636E1FCCD41000F785B3 /* Project object */ = {
			isa = PBXProject;
			attributes = {
				LastSwiftUpdateCheck = 0910;
				LastUpgradeCheck = 0910;
				ORGANIZATIONNAME = "Harvard University";
				TargetAttributes = {
					FBBA63751FCCD41000F785B3 = {
						CreatedOnToolsVersion = 9.1;
						ProvisioningStyle = Automatic;
					};
				};
			};
			buildConfigurationList = FBBA63711FCCD41000F785B3 /* Build configuration list for PBXProject "Lecture12" */;
			compatibilityVersion = "Xcode 8.0";
			developmentRegion = en;
			hasScannedForEncodings = 0;
			knownRegions = (
				en,
				Base,
			);
			mainGroup = FBBA636D1FCCD41000F785B3;
			productRefGroup = FBBA63771FCCD41000F785B3 /* Products */;
			projectDirPath = "";
			projectRoot = "";
			targets = (
				FBBA63751FCCD41000F785B3 /* Lecture12 */,
			);
		};
/* End PBXProject section */

/* Begin PBXResourcesBuildPhase section */
		FBBA63741FCCD41000F785B3 /* Resources */ = {
			isa = PBXResourcesBuildPhase;
			buildActionMask = 2147483647;
			files = (
				FBBA63841FCCD41000F785B3 /* LaunchScreen.storyboard in Resources */,
				FBBA63811FCCD41000F785B3 /* Assets.xcassets in Resources */,
				FBBA637F1FCCD41000F785B3 /* Main.storyboard in Resources */,
			);
			runOnlyForDeploymentPostprocessing = 0;
		};
/* End PBXResourcesBuildPhase section */

/* Begin PBXSourcesBuildPhase section */
		FBBA63721FCCD41000F785B3 /* Sources */ = {
			isa = PBXSourcesBuildPhase;
			buildActionMask = 2147483647;
			files = (
				FBBA638E1FCCE0EF00F785B3 /* GridConfiguration.swift in Sources */,
				FBBA637C1FCCD41000F785B3 /* ViewController.swift in Sources */,
				FBBA637A1FCCD41000F785B3 /* AppDelegate.swift in Sources */,
				FBBA638C1FCCD71A00F785B3 /* Fetcher.swift in Sources */,
			);
			runOnlyForDeploymentPostprocessing = 0;
		};
/* End PBXSourcesBuildPhase section */

/* Begin PBXVariantGroup section */
		FBBA637D1FCCD41000F785B3 /* Main.storyboard */ = {
			isa = PBXVariantGroup;
			children = (
				FBBA637E1FCCD41000F785B3 /* Base */,
			);
			name = Main.storyboard;
			sourceTree = "<group>";
		};
		FBBA63821FCCD41000F785B3 /* LaunchScreen.storyboard */ = {
			isa = PBXVariantGroup;
			children = (
				FBBA63831FCCD41000F785B3 /* Base */,
			);
			name = LaunchScreen.storyboard;
			sourceTree = "<group>";
		};
/* End PBXVariantGroup section */

/* Begin XCBuildConfiguration section */
		FBBA63861FCCD41000F785B3 /* Debug */ = {
			isa = XCBuildConfiguration;
			buildSettings = {
				ALWAYS_SEARCH_USER_PATHS = NO;
				CLANG_ANALYZER_NONNULL = YES;
				CLANG_ANALYZER_NUMBER_OBJECT_CONVERSION = YES_AGGRESSIVE;
				CLANG_CXX_LANGUAGE_STANDARD = "gnu++14";
				CLANG_CXX_LIBRARY = "libc++";
				CLANG_ENABLE_MODULES = YES;
				CLANG_ENABLE_OBJC_ARC = YES;
				CLANG_WARN_BLOCK_CAPTURE_AUTORELEASING = YES;
				CLANG_WARN_BOOL_CONVERSION = YES;
				CLANG_WARN_COMMA = YES;
				CLANG_WARN_CONSTANT_CONVERSION = YES;
				CLANG_WARN_DIRECT_OBJC_ISA_USAGE = YES_ERROR;
				CLANG_WARN_DOCUMENTATION_COMMENTS = YES;
				CLANG_WARN_EMPTY_BODY = YES;
				CLANG_WARN_ENUM_CONVERSION = YES;
				CLANG_WARN_INFINITE_RECURSION = YES;
				CLANG_WARN_INT_CONVERSION = YES;
				CLANG_WARN_NON_LITERAL_NULL_CONVERSION = YES;
				CLANG_WARN_OBJC_LITERAL_CONVERSION = YES;
				CLANG_WARN_OBJC_ROOT_CLASS = YES_ERROR;
				CLANG_WARN_RANGE_LOOP_ANALYSIS = YES;
				CLANG_WARN_STRICT_PROTOTYPES = YES;
				CLANG_WARN_SUSPICIOUS_MOVE = YES;
				CLANG_WARN_UNGUARDED_AVAILABILITY = YES_AGGRESSIVE;
				CLANG_WARN_UNREACHABLE_CODE = YES;
				CLANG_WARN__DUPLICATE_METHOD_MATCH = YES;
				CODE_SIGN_IDENTITY = "iPhone Developer";
				COPY_PHASE_STRIP = NO;
				DEBUG_INFORMATION_FORMAT = dwarf;
				ENABLE_STRICT_OBJC_MSGSEND = YES;
				ENABLE_TESTABILITY = YES;
				GCC_C_LANGUAGE_STANDARD = gnu11;
				GCC_DYNAMIC_NO_PIC = NO;
				GCC_NO_COMMON_BLOCKS = YES;
				GCC_OPTIMIZATION_LEVEL = 0;
				GCC_PREPROCESSOR_DEFINITIONS = (
					"DEBUG=1",
					"$(inherited)",
				);
				GCC_WARN_64_TO_32_BIT_CONVERSION = YES;
				GCC_WARN_ABOUT_RETURN_TYPE = YES_ERROR;
				GCC_WARN_UNDECLARED_SELECTOR = YES;
				GCC_WARN_UNINITIALIZED_AUTOS = YES_AGGRESSIVE;
				GCC_WARN_UNUSED_FUNCTION = YES;
				GCC_WARN_UNUSED_VARIABLE = YES;
				IPHONEOS_DEPLOYMENT_TARGET = 11.1;
				MTL_ENABLE_DEBUG_INFO = YES;
				ONLY_ACTIVE_ARCH = YES;
				SDKROOT = iphoneos;
				SWIFT_ACTIVE_COMPILATION_CONDITIONS = DEBUG;
				SWIFT_OPTIMIZATION_LEVEL = "-Onone";
			};
			name = Debug;
		};
		FBBA63871FCCD41000F785B3 /* Release */ = {
			isa = XCBuildConfiguration;
			buildSettings = {
				ALWAYS_SEARCH_USER_PATHS = NO;
				CLANG_ANALYZER_NONNULL = YES;
				CLANG_ANALYZER_NUMBER_OBJECT_CONVERSION = YES_AGGRESSIVE;
				CLANG_CXX_LANGUAGE_STANDARD = "gnu++14";
				CLANG_CXX_LIBRARY = "libc++";
				CLANG_ENABLE_MODULES = YES;
				CLANG_ENABLE_OBJC_ARC = YES;
				CLANG_WARN_BLOCK_CAPTURE_AUTORELEASING = YES;
				CLANG_WARN_BOOL_CONVERSION = YES;
				CLANG_WARN_COMMA = YES;
				CLANG_WARN_CONSTANT_CONVERSION = YES;
				CLANG_WARN_DIRECT_OBJC_ISA_USAGE = YES_ERROR;
				CLANG_WARN_DOCUMENTATION_COMMENTS = YES;
				CLANG_WARN_EMPTY_BODY = YES;
				CLANG_WARN_ENUM_CONVERSION = YES;
				CLANG_WARN_INFINITE_RECURSION = YES;
				CLANG_WARN_INT_CONVERSION = YES;
				CLANG_WARN_NON_LITERAL_NULL_CONVERSION = YES;
				CLANG_WARN_OBJC_LITERAL_CONVERSION = YES;
				CLANG_WARN_OBJC_ROOT_CLASS = YES_ERROR;
				CLANG_WARN_RANGE_LOOP_ANALYSIS = YES;
				CLANG_WARN_STRICT_PROTOTYPES = YES;
				CLANG_WARN_SUSPICIOUS_MOVE = YES;
				CLANG_WARN_UNGUARDED_AVAILABILITY = YES_AGGRESSIVE;
				CLANG_WARN_UNREACHABLE_CODE = YES;
				CLANG_WARN__DUPLICATE_METHOD_MATCH = YES;
				CODE_SIGN_IDENTITY = "iPhone Developer";
				COPY_PHASE_STRIP = NO;
				DEBUG_INFORMATION_FORMAT = "dwarf-with-dsym";
				ENABLE_NS_ASSERTIONS = NO;
				ENABLE_STRICT_OBJC_MSGSEND = YES;
				GCC_C_LANGUAGE_STANDARD = gnu11;
				GCC_NO_COMMON_BLOCKS = YES;
				GCC_WARN_64_TO_32_BIT_CONVERSION = YES;
				GCC_WARN_ABOUT_RETURN_TYPE = YES_ERROR;
				GCC_WARN_UNDECLARED_SELECTOR = YES;
				GCC_WARN_UNINITIALIZED_AUTOS = YES_AGGRESSIVE;
				GCC_WARN_UNUSED_FUNCTION = YES;
				GCC_WARN_UNUSED_VARIABLE = YES;
				IPHONEOS_DEPLOYMENT_TARGET = 11.1;
				MTL_ENABLE_DEBUG_INFO = NO;
				SDKROOT = iphoneos;
				SWIFT_OPTIMIZATION_LEVEL = "-Owholemodule";
				VALIDATE_PRODUCT = YES;
			};
			name = Release;
		};
		FBBA63891FCCD41000F785B3 /* Debug */ = {
			isa = XCBuildConfiguration;
			buildSettings = {
				ASSETCATALOG_COMPILER_APPICON_NAME = AppIcon;
				CODE_SIGN_STYLE = Automatic;
				DEVELOPMENT_TEAM = NK39MWSLZJ;
				INFOPLIST_FILE = Lecture12/Info.plist;
				LD_RUNPATH_SEARCH_PATHS = "$(inherited) @executable_path/Frameworks";
				PRODUCT_BUNDLE_IDENTIFIER = edu.harvard.Lecture12;
				PRODUCT_NAME = "$(TARGET_NAME)";
				SWIFT_VERSION = 4.0;
				TARGETED_DEVICE_FAMILY = "1,2";
			};
			name = Debug;
		};
		FBBA638A1FCCD41000F785B3 /* Release */ = {
			isa = XCBuildConfiguration;
			buildSettings = {
				ASSETCATALOG_COMPILER_APPICON_NAME = AppIcon;
				CODE_SIGN_STYLE = Automatic;
				DEVELOPMENT_TEAM = NK39MWSLZJ;
				INFOPLIST_FILE = Lecture12/Info.plist;
				LD_RUNPATH_SEARCH_PATHS = "$(inherited) @executable_path/Frameworks";
				PRODUCT_BUNDLE_IDENTIFIER = edu.harvard.Lecture12;
				PRODUCT_NAME = "$(TARGET_NAME)";
				SWIFT_VERSION = 4.0;
				TARGETED_DEVICE_FAMILY = "1,2";
			};
			name = Release;
		};
/* End XCBuildConfiguration section */

/* Begin XCConfigurationList section */
		FBBA63711FCCD41000F785B3 /* Build configuration list for PBXProject "Lecture12" */ = {
			isa = XCConfigurationList;
			buildConfigurations = (
				FBBA63861FCCD41000F785B3 /* Debug */,
				FBBA63871FCCD41000F785B3 /* Release */,
			);
			defaultConfigurationIsVisible = 0;
			defaultConfigurationName = Release;
		};
		FBBA63881FCCD41000F785B3 /* Build configuration list for PBXNativeTarget "Lecture12" */ = {
			isa = XCConfigurationList;
			buildConfigurations = (
				FBBA63891FCCD41000F785B3 /* Debug */,
				FBBA638A1FCCD41000F785B3 /* Release */,
			);
			defaultConfigurationIsVisible = 0;
			defaultConfigurationName = Release;
		};
/* End XCConfigurationList section */
	};
	rootObject = FBBA636E1FCCD41000F785B3 /* Project object */;
}
